
Microsoft Visual Studio Solution File, Format Version 12.00
# Visual Studio Version 17
VisualStudioVersion = 17.0.31903.59
MinimumVisualStudioVersion = 10.0.40219.1
Project("{FAE04EC0-301F-11D3-BF4B-00C04F79EFBC}") = "Dashboard API", "Dashboard API\Dashboard API.csproj", "{BDDE0E5C-1471-45D0-B771-95478D152A2F}"
EndProject
Global
	GlobalSection(SolutionConfigurationPlatforms) = preSolution
		Debug|Any CPU = Debug|Any CPU
		Release|Any CPU = Release|Any CPU
	EndGlobalSection
	GlobalSection(ProjectConfigurationPlatforms) = postSolution
		{BDDE0E5C-1471-45D0-B771-95478D152A2F}.Debug|Any CPU.ActiveCfg = Debug|Any CPU
		{BDDE0E5C-1471-45D0-B771-95478D152A2F}.Debug|Any CPU.Build.0 = Debug|Any CPU
		{BDDE0E5C-1471-45D0-B771-95478D152A2F}.Release|Any CPU.ActiveCfg = Release|Any CPU
		{BDDE0E5C-1471-45D0-B771-95478D152A2F}.Release|Any CPU.Build.0 = Release|Any CPU
	EndGlobalSection
	GlobalSection(SolutionProperties) = preSolution
		HideSolutionNode = FALSE
	EndGlobalSection
	GlobalSection(ExtensibilityGlobals) = postSolution
		SolutionGuid = {F9F8849B-2DF0-4103-9DED-B9F0F3771874}
	EndGlobalSection
EndGlobal
